PODS:
  - TYHTestUtils (0.1.0)
  - TYHWaterMark (0.1.2)

DEPENDENCIES:
  - TYHTestUtils (from `https://github.com/pencilCool/TYHTestUtils.git`)
  - TYHWaterMark (from `../`)

EXTERNAL SOURCES:
  TYHTestUtils:
    :git: https://github.com/pencilCool/TYHTestUtils.git
  TYHWaterMark:
    :path: "../"

CHECKOUT OPTIONS:
  TYHTestUtils:
    :commit: 1875371802ace0d308c6c255306d5f09df591c44
    :git: https://github.com/pencilCool/TYHTestUtils.git

SPEC CHECKSUMS:
  TYHTestUtils: 91d7f5dbe500de12f8a5751fa998e6827ac0f480
  TYHWaterMark: 08d7720654cfb95ff33daf37702b262903439c53

PODFILE CHECKSUM: b2027358a2155ca4c84885db3a25be92dcf40010

COCOAPODS: 1.11.2
